
Microsoft Visual Studio Solution File, Format Version 12.00
# Visual Studio Version 17
VisualStudioVersion = 17.8.34511.84
MinimumVisualStudioVersion = 10.0.40219.1
Project("{FAE04EC0-301F-11D3-BF4B-00C04F79EFBC}") = "TestWebNetCore", "TestWebNetCore\TestWebNetCore.csproj", "{AFB4AF88-A731-4B70-96E5-A7607E3B9320}"
EndProject
Global
	GlobalSection(SolutionConfigurationPlatforms) = preSolution
		Debug|Any CPU = Debug|Any CPU
		Release|Any CPU = Release|Any CPU
	EndGlobalSection
	GlobalSection(ProjectConfigurationPlatforms) = postSolution
		{AFB4AF88-A731-4B70-96E5-A7607E3B9320}.Debug|Any CPU.ActiveCfg = Debug|Any CPU
		{AFB4AF88-A731-4B70-96E5-A7607E3B9320}.Debug|Any CPU.Build.0 = Debug|Any CPU
		{AFB4AF88-A731-4B70-96E5-A7607E3B9320}.Release|Any CPU.ActiveCfg = Release|Any CPU
		{AFB4AF88-A731-4B70-96E5-A7607E3B9320}.Release|Any CPU.Build.0 = Release|Any CPU
	EndGlobalSection
	GlobalSection(SolutionProperties) = preSolution
		HideSolutionNode = FALSE
	EndGlobalSection
	GlobalSection(ExtensibilityGlobals) = postSolution
		SolutionGuid = {46F294CD-E3C7-4C9F-9CDC-4D98B6BED2F4}
	EndGlobalSection
EndGlobal
